# THIS IS AN AUTOGENERATED FILE. DO NOT EDIT THIS FILE DIRECTLY.
# yarn lockfile v1


particle.js@^1.0.7:
  version "1.0.7"
  resolved "https://registry.yarnpkg.com/particle.js/-/particle.js-1.0.7.tgz#d8e2d39dfdb9258feffcbb67b86aeebb8fc317d7"
  integrity sha1-2OLTnf25JY/v/LtnuGruu4/DF9c=

particles.js@^2.0.0:
  version "2.0.0"
  resolved "https://registry.yarnpkg.com/particles.js/-/particles.js-2.0.0.tgz#21386c4328d6c7f96780a201e96eedfc09c736f6"
  integrity sha1-IThsQyjWx/lngKIB6W7t/AnHNvY=
